// !$*UTF8*$!
{
	archiveVersion = 1;
	classes = {
	};
	objectVersion = 46;
	objects = {

/* Begin PBXBuildFile section */
		931600621D58E29300525547 /* AppDelegate.swift in Sources */ = {isa = PBXBuildFile; fileRef = 931600611D58E29300525547 /* AppDelegate.swift */; };
		931600641D58E29300525547 /* ViewController.swift in Sources */ = {isa = PBXBuildFile; fileRef = 931600631D58E29300525547 /* ViewController.swift */; };
		931600671D58E29300525547 /* Main.storyboard in Resources */ = {isa = PBXBuildFile; fileRef = 931600651D58E29300525547 /* Main.storyboard */; };
		931600691D58E29300525547 /* Assets.xcassets in Resources */ = {isa = PBXBuildFile; fileRef = 931600681D58E29300525547 /* Assets.xcassets */; };
		9316006C1D58E29300525547 /* LaunchScreen.storyboard in Resources */ = {isa = PBXBuildFile; fileRef = 9316006A1D58E29300525547 /* LaunchScreen.storyboard */; };
/* End PBXBuildFile section */

/* Begin PBXFileReference section */
		9316005E1D58E29300525547 /* TabBarController.app */ = {isa = PBXFileReference; explicitFileType = wrapper.application; includeInIndex = 0; path = TabBarController.app; sourceTree = BUILT_PRODUCTS_DIR; };
		931600611D58E29300525547 /* AppDelegate.swift */ = {isa = PBXFileReference; lastKnownFileType = sourcecode.swift; path = AppDelegate.swift; sourceTree = "<group>"; };
		931600631D58E29300525547 /* ViewController.swift */ = {isa = PBXFileReference; lastKnownFileType = sourcecode.swift; path = ViewController.swift; sourceTree = "<group>"; };
		931600661D58E29300525547 /* Base */ = {isa = PBXFileReference; lastKnownFileType = file.storyboard; name = Base; path = Base.lproj/Main.storyboard; sourceTree = "<group>"; };
		931600681D58E29300525547 /* Assets.xcassets */ = {isa = PBXFileReference; lastKnownFileType = folder.assetcatalog; path = Assets.xcassets; sourceTree = "<group>"; };
		9316006B1D58E29300525547 /* Base */ = {isa = PBXFileReference; lastKnownFileType = file.storyboard; name = Base; path = Base.lproj/LaunchScreen.storyboard; sourceTree = "<group>"; };
		9316006D1D58E29300525547 /* Info.plist */ = {isa = PBXFileReference; lastKnownFileType = text.plist.xml; path = Info.plist; sourceTree = "<group>"; };
/* End PBXFileReference section */

/* Begin PBXFrameworksBuildPhase section */
		9316005B1D58E29300525547 /* Frameworks */ = {
			isa = PBXFrameworksBuildPhase;
			buildActionMask = 2147483647;
			files = (
			);
			runOnlyForDeploymentPostprocessing = 0;
		};
/* End PBXFrameworksBuildPhase section */

/* Begin PBXGroup section */
		931600551D58E29300525547 = {
			isa = PBXGroup;
			children = (
				931600601D58E29300525547 /* TabBarController */,
				9316005F1D58E29300525547 /* Products */,
			);
			sourceTree = "<group>";
		};
		9316005F1D58E29300525547 /* Products */ = {
			isa = PBXGroup;
			children = (
				9316005E1D58E29300525547 /* TabBarController.app */,
			);
			name = Products;
			sourceTree = "<group>";
		};
		931600601D58E29300525547 /* TabBarController */ = {
			isa = PBXGroup;
			children = (
				931600611D58E29300525547 /* AppDelegate.swift */,
				931600631D58E29300525547 /* ViewController.swift */,
				931600651D58E29300525547 /* Main.storyboard */,
				931600681D58E29300525547 /* Assets.xcassets */,
				9316006A1D58E29300525547 /* LaunchScreen.storyboard */,
				9316006D1D58E29300525547 /* Info.plist */,
			);
			path = TabBarController;
			sourceTree = "<group>";
		};
/* End PBXGroup section */

/* Begin PBXNativeTarget section */
		9316005D1D58E29300525547 /* TabBarController */ = {
			isa = PBXNativeTarget;
			buildConfigurationList = 931600701D58E29300525547 /* Build configuration list for PBXNativeTarget "TabBarController" */;
			buildPhases = (
				9316005A1D58E29300525547 /* Sources */,
				9316005B1D58E29300525547 /* Frameworks */,
				9316005C1D58E29300525547 /* Resources */,
			);
			buildRules = (
			);
			dependencies = (
			);
			name = TabBarController;
			productName = TabBarController;
			productReference = 9316005E1D58E29300525547 /* TabBarController.app */;
			productType = "com.apple.product-type.application";
		};
/* End PBXNativeTarget section */

/* Begin PBXProject section */
		931600561D58E29300525547 /* Project object */ = {
			isa = PBXProject;
			attributes = {
				LastSwiftUpdateCheck = 0730;
				LastUpgradeCheck = 0730;
				ORGANIZATIONNAME = "Andy Feng";
				TargetAttributes = {
					9316005D1D58E29300525547 = {
						CreatedOnToolsVersion = 7.3.1;
						DevelopmentTeam = 32H24EKY3R;
					};
				};
			};
			buildConfigurationList = 931600591D58E29300525547 /* Build configuration list for PBXProject "TabBarController" */;
			compatibilityVersion = "Xcode 3.2";
			developmentRegion = English;
			hasScannedForEncodings = 0;
			knownRegions = (
				en,
				Base,
			);
			mainGroup = 931600551D58E29300525547;
			productRefGroup = 9316005F1D58E29300525547 /* Products */;
			projectDirPath = "";
			projectRoot = "";
			targets = (
				9316005D1D58E29300525547 /* TabBarController */,
			);
		};
/* End PBXProject section */

/* Begin PBXResourcesBuildPhase section */
		9316005C1D58E29300525547 /* Resources */ = {
			isa = PBXResourcesBuildPhase;
			buildActionMask = 2147483647;
			files = (
				9316006C1D58E29300525547 /* LaunchScreen.storyboard in Resources */,
				931600691D58E29300525547 /* Assets.xcassets in Resources */,
				931600671D58E29300525547 /* Main.storyboard in Resources */,
			);
			runOnlyForDeploymentPostprocessing = 0;
		};
/* End PBXResourcesBuildPhase section */

/* Begin PBXSourcesBuildPhase section */
		9316005A1D58E29300525547 /* Sources */ = {
			isa = PBXSourcesBuildPhase;
			buildActionMask = 2147483647;
			files = (
				931600641D58E29300525547 /* ViewController.swift in Sources */,
				931600621D58E29300525547 /* AppDelegate.swift in Sources */,
			);
			runOnlyForDeploymentPostprocessing = 0;
		};
/* End PBXSourcesBuildPhase section */

/* Begin PBXVariantGroup section */
		931600651D58E29300525547 /* Main.storyboard */ = {
			isa = PBXVariantGroup;
			children = (
				931600661D58E29300525547 /* Base */,
			);
			name = Main.storyboard;
			sourceTree = "<group>";
		};
		9316006A1D58E29300525547 /* LaunchScreen.storyboard */ = {
			isa = PBXVariantGroup;
			children = (
				9316006B1D58E29300525547 /* Base */,
			);
			name = LaunchScreen.storyboard;
			sourceTree = "<group>";
		};
/* End PBXVariantGroup section */

/* Begin XCBuildConfiguration section */
		9316006E1D58E29300525547 /* Debug */ = {
			isa = XCBuildConfiguration;
			buildSettings = {
				ALWAYS_SEARCH_USER_PATHS = NO;
				CLANG_ANALYZER_NONNULL = YES;
				CLANG_CXX_LANGUAGE_STANDARD = "gnu++0x";
				CLANG_CXX_LIBRARY = "libc++";
				CLANG_ENABLE_MODULES = YES;
				CLANG_ENABLE_OBJC_ARC = YES;
				CLANG_WARN_BOOL_CONVERSION = YES;
				CLANG_WARN_CONSTANT_CONVERSION = YES;
				CLANG_WARN_DIRECT_OBJC_ISA_USAGE = YES_ERROR;
				CLANG_WARN_EMPTY_BODY = YES;
				CLANG_WARN_ENUM_CONVERSION = YES;
				CLANG_WARN_INT_CONVERSION = YES;
				CLANG_WARN_OBJC_ROOT_CLASS = YES_ERROR;
				CLANG_WARN_UNREACHABLE_CODE = YES;
				CLANG_WARN__DUPLICATE_METHOD_MATCH = YES;
				"CODE_SIGN_IDENTITY[sdk=iphoneos*]" = "iPhone Developer";
				COPY_PHASE_STRIP = NO;
				DEBUG_INFORMATION_FORMAT = dwarf;
				ENABLE_STRICT_OBJC_MSGSEND = YES;
				ENABLE_TESTABILITY = YES;
				GCC_C_LANGUAGE_STANDARD = gnu99;
				GCC_DYNAMIC_NO_PIC = NO;
				GCC_NO_COMMON_BLOCKS = YES;
				GCC_OPTIMIZATION_LEVEL = 0;
				GCC_PREPROCESSOR_DEFINITIONS = (
					"DEBUG=1",
					"$(inherited)",
				);
				GCC_WARN_64_TO_32_BIT_CONVERSION = YES;
				GCC_WARN_ABOUT_RETURN_TYPE = YES_ERROR;
				GCC_WARN_UNDECLARED_SELECTOR = YES;
				GCC_WARN_UNINITIALIZED_AUTOS = YES_AGGRESSIVE;
				GCC_WARN_UNUSED_FUNCTION = YES;
				GCC_WARN_UNUSED_VARIABLE = YES;
				IPHONEOS_DEPLOYMENT_TARGET = 9.3;
				MTL_ENABLE_DEBUG_INFO = YES;
				ONLY_ACTIVE_ARCH = YES;
				SDKROOT = iphoneos;
				SWIFT_OPTIMIZATION_LEVEL = "-Onone";
				TARGETED_DEVICE_FAMILY = "1,2";
			};
			name = Debug;
		};
		9316006F1D58E29300525547 /* Release */ = {
			isa = XCBuildConfiguration;
			buildSettings = {
				ALWAYS_SEARCH_USER_PATHS = NO;
				CLANG_ANALYZER_NONNULL = YES;
				CLANG_CXX_LANGUAGE_STANDARD = "gnu++0x";
				CLANG_CXX_LIBRARY = "libc++";
				CLANG_ENABLE_MODULES = YES;
				CLANG_ENABLE_OBJC_ARC = YES;
				CLANG_WARN_BOOL_CONVERSION = YES;
				CLANG_WARN_CONSTANT_CONVERSION = YES;
				CLANG_WARN_DIRECT_OBJC_ISA_USAGE = YES_ERROR;
				CLANG_WARN_EMPTY_BODY = YES;
				CLANG_WARN_ENUM_CONVERSION = YES;
				CLANG_WARN_INT_CONVERSION = YES;
				CLANG_WARN_OBJC_ROOT_CLASS = YES_ERROR;
				CLANG_WARN_UNREACHABLE_CODE = YES;
				CLANG_WARN__DUPLICATE_METHOD_MATCH = YES;
				"CODE_SIGN_IDENTITY[sdk=iphoneos*]" = "iPhone Developer";
				COPY_PHASE_STRIP = NO;
				DEBUG_INFORMATION_FORMAT = "dwarf-with-dsym";
				ENABLE_NS_ASSERTIONS = NO;
				ENABLE_STRICT_OBJC_MSGSEND = YES;
				GCC_C_LANGUAGE_STANDARD = gnu99;
				GCC_NO_COMMON_BLOCKS = YES;
				GCC_WARN_64_TO_32_BIT_CONVERSION = YES;
				GCC_WARN_ABOUT_RETURN_TYPE = YES_ERROR;
				GCC_WARN_UNDECLARED_SELECTOR = YES;
				GCC_WARN_UNINITIALIZED_AUTOS = YES_AGGRESSIVE;
				GCC_WARN_UNUSED_FUNCTION = YES;
				GCC_WARN_UNUSED_VARIABLE = YES;
				IPHONEOS_DEPLOYMENT_TARGET = 9.3;
				MTL_ENABLE_DEBUG_INFO = NO;
				SDKROOT = iphoneos;
				TARGETED_DEVICE_FAMILY = "1,2";
				VALIDATE_PRODUCT = YES;
			};
			name = Release;
		};
		931600711D58E29300525547 /* Debug */ = {
			isa = XCBuildConfiguration;
			buildSettings = {
				ASSETCATALOG_COMPILER_APPICON_NAME = AppIcon;
				INFOPLIST_FILE = TabBarController/Info.plist;
				LD_RUNPATH_SEARCH_PATHS = "$(inherited) @executable_path/Frameworks";
				PRODUCT_BUNDLE_IDENTIFIER = com.andyfeng.TabBarController;
				PRODUCT_NAME = "$(TARGET_NAME)";
			};
			name = Debug;
		};
		931600721D58E29300525547 /* Release */ = {
			isa = XCBuildConfiguration;
			buildSettings = {
				ASSETCATALOG_COMPILER_APPICON_NAME = AppIcon;
				INFOPLIST_FILE = TabBarController/Info.plist;
				LD_RUNPATH_SEARCH_PATHS = "$(inherited) @executable_path/Frameworks";
				PRODUCT_BUNDLE_IDENTIFIER = com.andyfeng.TabBarController;
				PRODUCT_NAME = "$(TARGET_NAME)";
			};
			name = Release;
		};
/* End XCBuildConfiguration section */

/* Begin XCConfigurationList section */
		931600591D58E29300525547 /* Build configuration list for PBXProject "TabBarController" */ = {
			isa = XCConfigurationList;
			buildConfigurations = (
				9316006E1D58E29300525547 /* Debug */,
				9316006F1D58E29300525547 /* Release */,
			);
			defaultConfigurationIsVisible = 0;
			defaultConfigurationName = Release;
		};
		931600701D58E29300525547 /* Build configuration list for PBXNativeTarget "TabBarController" */ = {
			isa = XCConfigurationList;
			buildConfigurations = (
				931600711D58E29300525547 /* Debug */,
				931600721D58E29300525547 /* Release */,
			);
			defaultConfigurationIsVisible = 0;
		};
/* End XCConfigurationList section */
	};
	rootObject = 931600561D58E29300525547 /* Project object */;
}
